
Microsoft Visual Studio Solution File, Format Version 12.00
# Visual Studio Version 17
VisualStudioVersion = 17.7.34024.191
MinimumVisualStudioVersion = 10.0.40219.1
Project("{FAE04EC0-301F-11D3-BF4B-00C04F79EFBC}") = "Software1-Knowledge-Check2", "Software1-Knowledge-Check2.csproj", "{ECABF5E5-C723-4C68-A1C4-004148DAAE4F}"
EndProject
Global
	GlobalSection(SolutionConfigurationPlatforms) = preSolution
		Debug|Any CPU = Debug|Any CPU
		Release|Any CPU = Release|Any CPU
	EndGlobalSection
	GlobalSection(ProjectConfigurationPlatforms) = postSolution
		{ECABF5E5-C723-4C68-A1C4-004148DAAE4F}.Debug|Any CPU.ActiveCfg = Debug|Any CPU
		{ECABF5E5-C723-4C68-A1C4-004148DAAE4F}.Debug|Any CPU.Build.0 = Debug|Any CPU
		{ECABF5E5-C723-4C68-A1C4-004148DAAE4F}.Release|Any CPU.ActiveCfg = Release|Any CPU
		{ECABF5E5-C723-4C68-A1C4-004148DAAE4F}.Release|Any CPU.Build.0 = Release|Any CPU
	EndGlobalSection
	GlobalSection(SolutionProperties) = preSolution
		HideSolutionNode = FALSE
	EndGlobalSection
	GlobalSection(ExtensibilityGlobals) = postSolution
		SolutionGuid = {0B224C64-E190-4A8A-A0DB-41A2D13260CB}
	EndGlobalSection
EndGlobal
